GEM
  remote: https://rubygems.org/
  specs:
    bigdecimal (4.0.1)
    google-protobuf (4.33.5)
      bigdecimal
      rake (>= 13)
    google-protobuf (4.33.5-aarch64-linux-gnu)
      bigdecimal
      rake (>= 13)
    google-protobuf (4.33.5-aarch64-linux-musl)
      bigdecimal
      rake (>= 13)
    google-protobuf (4.33.5-arm64-darwin)
      bigdecimal
      rake (>= 13)
    google-protobuf (4.33.5-x86-linux-gnu)
      bigdecimal
      rake (>= 13)
    google-protobuf (4.33.5-x86-linux-musl)
      bigdecimal
      rake (>= 13)
    google-protobuf (4.33.5-x86_64-darwin)
      bigdecimal
      rake (>= 13)
    google-protobuf (4.33.5-x86_64-linux-gnu)
      bigdecimal
      rake (>= 13)
    google-protobuf (4.33.5-x86_64-linux-musl)
      bigdecimal
      rake (>= 13)
    rake (13.3.1)
    sass-embedded (1.97.3)
      google-protobuf (~> 4.31)
      rake (>= 13)
    sass-embedded (1.97.3-aarch64-linux-android)
      google-protobuf (~> 4.31)
    sass-embedded (1.97.3-aarch64-linux-gnu)
      google-protobuf (~> 4.31)
    sass-embedded (1.97.3-aarch64-linux-musl)
      google-protobuf (~> 4.31)
    sass-embedded (1.97.3-aarch64-mingw-ucrt)
      google-protobuf (~> 4.31)
    sass-embedded (1.97.3-arm-linux-androideabi)
      google-protobuf (~> 4.31)
    sass-embedded (1.97.3-arm-linux-gnueabihf)
      google-protobuf (~> 4.31)
    sass-embedded (1.97.3-arm-linux-musleabihf)
      google-protobuf (~> 4.31)
    sass-embedded (1.97.3-arm64-darwin)
      google-protobuf (~> 4.31)
    sass-embedded (1.97.3-riscv64-linux-android)
      google-protobuf (~> 4.31)
    sass-embedded (1.97.3-riscv64-linux-gnu)
      google-protobuf (~> 4.31)
    sass-embedded (1.97.3-riscv64-linux-musl)
      google-protobuf (~> 4.31)
    sass-embedded (1.97.3-x86_64-darwin)
      google-protobuf (~> 4.31)
    sass-embedded (1.97.3-x86_64-linux-android)
      google-protobuf (~> 4.31)
    sass-embedded (1.97.3-x86_64-linux-gnu)
      google-protobuf (~> 4.31)
    sass-embedded (1.97.3-x86_64-linux-musl)
      google-protobuf (~> 4.31)

PLATFORMS
  aarch64-linux-android
  aarch64-linux-gnu
  aarch64-linux-musl
  aarch64-mingw-ucrt
  arm-linux-androideabi
  arm-linux-gnueabihf
  arm-linux-musleabihf
  arm64-darwin
  riscv64-linux-android
  riscv64-linux-gnu
  riscv64-linux-musl
  ruby
  x86-linux-gnu
  x86-linux-musl
  x86_64-darwin
  x86_64-linux-android
  x86_64-linux-gnu
  x86_64-linux-musl

DEPENDENCIES
  sass-embedded

BUNDLED WITH
   2.6.2
